
Microsoft Visual Studio Solution File, Format Version 12.00
# Visual Studio 15
Project("{FAE04EC0-301F-11D3-BF4B-00C04F79EFBC}") = "TabPageMaster.Android", "TabPageMaster.Android\TabPageMaster.Android.csproj", "{C2102238-D0F2-481C-B309-D62804319EFB}"
EndProject
Project("{FAE04EC0-301F-11D3-BF4B-00C04F79EFBC}") = "TabPageMaster.iOS", "TabPageMaster.iOS\TabPageMaster.iOS.csproj", "{23553C77-C61D-4964-B410-C51E5D675993}"
EndProject
Project("{FAE04EC0-301F-11D3-BF4B-00C04F79EFBC}") = "TabPageMaster", "TabPageMaster\TabPageMaster.csproj", "{2093B697-A9C2-4578-8979-A33FCE208833}"
EndProject
Global
	GlobalSection(SolutionConfigurationPlatforms) = preSolution
		Debug|Any CPU = Debug|Any CPU
		Release|Any CPU = Release|Any CPU
		Debug|iPhoneSimulator = Debug|iPhoneSimulator
		Release|iPhoneSimulator = Release|iPhoneSimulator
		Debug|iPhone = Debug|iPhone
		Release|iPhone = Release|iPhone
		Ad-Hoc|iPhone = Ad-Hoc|iPhone
		AppStore|iPhone = AppStore|iPhone
	EndGlobalSection
	GlobalSection(ProjectConfigurationPlatforms) = postSolution
		{C2102238-D0F2-481C-B309-D62804319EFB}.Debug|Any CPU.ActiveCfg = Debug|Any CPU
		{C2102238-D0F2-481C-B309-D62804319EFB}.Debug|Any CPU.Build.0 = Debug|Any CPU
		{C2102238-D0F2-481C-B309-D62804319EFB}.Release|Any CPU.ActiveCfg = Release|Any CPU
		{C2102238-D0F2-481C-B309-D62804319EFB}.Release|Any CPU.Build.0 = Release|Any CPU
		{C2102238-D0F2-481C-B309-D62804319EFB}.Debug|iPhoneSimulator.ActiveCfg = Debug|Any CPU
		{C2102238-D0F2-481C-B309-D62804319EFB}.Debug|iPhoneSimulator.Build.0 = Debug|Any CPU
		{C2102238-D0F2-481C-B309-D62804319EFB}.Release|iPhoneSimulator.ActiveCfg = Release|Any CPU
		{C2102238-D0F2-481C-B309-D62804319EFB}.Release|iPhoneSimulator.Build.0 = Release|Any CPU
		{C2102238-D0F2-481C-B309-D62804319EFB}.Debug|iPhone.ActiveCfg = Debug|Any CPU
		{C2102238-D0F2-481C-B309-D62804319EFB}.Debug|iPhone.Build.0 = Debug|Any CPU
		{C2102238-D0F2-481C-B309-D62804319EFB}.Release|iPhone.ActiveCfg = Release|Any CPU
		{C2102238-D0F2-481C-B309-D62804319EFB}.Release|iPhone.Build.0 = Release|Any CPU
		{C2102238-D0F2-481C-B309-D62804319EFB}.Ad-Hoc|iPhone.ActiveCfg = Debug|Any CPU
		{C2102238-D0F2-481C-B309-D62804319EFB}.Ad-Hoc|iPhone.Build.0 = Debug|Any CPU
		{C2102238-D0F2-481C-B309-D62804319EFB}.AppStore|iPhone.ActiveCfg = Debug|Any CPU
		{C2102238-D0F2-481C-B309-D62804319EFB}.AppStore|iPhone.Build.0 = Debug|Any CPU
		{23553C77-C61D-4964-B410-C51E5D675993}.Debug|Any CPU.ActiveCfg = Debug|iPhoneSimulator
		{23553C77-C61D-4964-B410-C51E5D675993}.Debug|Any CPU.Build.0 = Debug|iPhoneSimulator
		{23553C77-C61D-4964-B410-C51E5D675993}.Release|Any CPU.ActiveCfg = Release|iPhoneSimulator
		{23553C77-C61D-4964-B410-C51E5D675993}.Release|Any CPU.Build.0 = Release|iPhoneSimulator
		{23553C77-C61D-4964-B410-C51E5D675993}.Debug|iPhoneSimulator.ActiveCfg = Debug|iPhoneSimulator
		{23553C77-C61D-4964-B410-C51E5D675993}.Debug|iPhoneSimulator.Build.0 = Debug|iPhoneSimulator
		{23553C77-C61D-4964-B410-C51E5D675993}.Release|iPhoneSimulator.ActiveCfg = Release|iPhoneSimulator
		{23553C77-C61D-4964-B410-C51E5D675993}.Release|iPhoneSimulator.Build.0 = Release|iPhoneSimulator
		{23553C77-C61D-4964-B410-C51E5D675993}.Debug|iPhone.ActiveCfg = Debug|iPhone
		{23553C77-C61D-4964-B410-C51E5D675993}.Debug|iPhone.Build.0 = Debug|iPhone
		{23553C77-C61D-4964-B410-C51E5D675993}.Release|iPhone.ActiveCfg = Release|iPhone
		{23553C77-C61D-4964-B410-C51E5D675993}.Release|iPhone.Build.0 = Release|iPhone
		{23553C77-C61D-4964-B410-C51E5D675993}.Ad-Hoc|iPhone.ActiveCfg = Ad-Hoc|iPhone
		{23553C77-C61D-4964-B410-C51E5D675993}.Ad-Hoc|iPhone.Build.0 = Ad-Hoc|iPhone
		{23553C77-C61D-4964-B410-C51E5D675993}.AppStore|iPhone.ActiveCfg = AppStore|iPhone
		{23553C77-C61D-4964-B410-C51E5D675993}.AppStore|iPhone.Build.0 = AppStore|iPhone
		{2093B697-A9C2-4578-8979-A33FCE208833}.Debug|Any CPU.ActiveCfg = Debug|Any CPU
		{2093B697-A9C2-4578-8979-A33FCE208833}.Debug|Any CPU.Build.0 = Debug|Any CPU
		{2093B697-A9C2-4578-8979-A33FCE208833}.Release|Any CPU.ActiveCfg = Release|Any CPU
		{2093B697-A9C2-4578-8979-A33FCE208833}.Release|Any CPU.Build.0 = Release|Any CPU
		{2093B697-A9C2-4578-8979-A33FCE208833}.Debug|iPhoneSimulator.ActiveCfg = Debug|Any CPU
		{2093B697-A9C2-4578-8979-A33FCE208833}.Debug|iPhoneSimulator.Build.0 = Debug|Any CPU
		{2093B697-A9C2-4578-8979-A33FCE208833}.Release|iPhoneSimulator.ActiveCfg = Release|Any CPU
		{2093B697-A9C2-4578-8979-A33FCE208833}.Release|iPhoneSimulator.Build.0 = Release|Any CPU
		{2093B697-A9C2-4578-8979-A33FCE208833}.Debug|iPhone.ActiveCfg = Debug|Any CPU
		{2093B697-A9C2-4578-8979-A33FCE208833}.Debug|iPhone.Build.0 = Debug|Any CPU
		{2093B697-A9C2-4578-8979-A33FCE208833}.Release|iPhone.ActiveCfg = Release|Any CPU
		{2093B697-A9C2-4578-8979-A33FCE208833}.Release|iPhone.Build.0 = Release|Any CPU
		{2093B697-A9C2-4578-8979-A33FCE208833}.Ad-Hoc|iPhone.ActiveCfg = Debug|Any CPU
		{2093B697-A9C2-4578-8979-A33FCE208833}.Ad-Hoc|iPhone.Build.0 = Debug|Any CPU
		{2093B697-A9C2-4578-8979-A33FCE208833}.AppStore|iPhone.ActiveCfg = Debug|Any CPU
		{2093B697-A9C2-4578-8979-A33FCE208833}.AppStore|iPhone.Build.0 = Debug|Any CPU
	EndGlobalSection
EndGlobal
